// !$*UTF8*$!
{
	archiveVersion = 1;
	classes = {
	};
	objectVersion = 46;
	objects = {

/* Begin PBXBuildFile section */
		3636273B1D7D1E19007CEA79 /* AppDelegate.swift in Sources */ = {isa = PBXBuildFile; fileRef = 3636272F1D7D1E19007CEA79 /* AppDelegate.swift */; };
		3636273C1D7D1E19007CEA79 /* Assets.xcassets in Resources */ = {isa = PBXBuildFile; fileRef = 363627301D7D1E19007CEA79 /* Assets.xcassets */; };
		3636273D1D7D1E19007CEA79 /* LaunchScreen.storyboard in Resources */ = {isa = PBXBuildFile; fileRef = 363627321D7D1E19007CEA79 /* LaunchScreen.storyboard */; };
		3636273E1D7D1E19007CEA79 /* Main.storyboard in Resources */ = {isa = PBXBuildFile; fileRef = 363627341D7D1E19007CEA79 /* Main.storyboard */; };
		363627411D7D1E19007CEA79 /* InviteViewController.swift in Sources */ = {isa = PBXBuildFile; fileRef = 363627381D7D1E19007CEA79 /* InviteViewController.swift */; };
		363627421D7D1E19007CEA79 /* RoomViewController.swift in Sources */ = {isa = PBXBuildFile; fileRef = 363627391D7D1E19007CEA79 /* RoomViewController.swift */; };
		5E7028FCADD5468423F762BF /* Pods_WilddogVideoDemo.framework in Frameworks */ = {isa = PBXBuildFile; fileRef = 126F1FCA001D8FB0C98DEA4B /* Pods_WilddogVideoDemo.framework */; };
/* End PBXBuildFile section */

/* Begin PBXFileReference section */
		126F1FCA001D8FB0C98DEA4B /* Pods_WilddogVideoDemo.framework */ = {isa = PBXFileReference; explicitFileType = wrapper.framework; includeInIndex = 0; path = Pods_WilddogVideoDemo.framework; sourceTree = BUILT_PRODUCTS_DIR; };
		3636271A1D7D1DC7007CEA79 /* WilddogVideoDemo.app */ = {isa = PBXFileReference; explicitFileType = wrapper.application; includeInIndex = 0; path = WilddogVideoDemo.app; sourceTree = BUILT_PRODUCTS_DIR; };
		3636272F1D7D1E19007CEA79 /* AppDelegate.swift */ = {isa = PBXFileReference; fileEncoding = 4; lastKnownFileType = sourcecode.swift; path = AppDelegate.swift; sourceTree = "<group>"; };
		363627301D7D1E19007CEA79 /* Assets.xcassets */ = {isa = PBXFileReference; lastKnownFileType = folder.assetcatalog; path = Assets.xcassets; sourceTree = "<group>"; };
		363627331D7D1E19007CEA79 /* Base */ = {isa = PBXFileReference; lastKnownFileType = file.storyboard; name = Base; path = LaunchScreen.storyboard; sourceTree = "<group>"; };
		363627351D7D1E19007CEA79 /* Base */ = {isa = PBXFileReference; lastKnownFileType = file.storyboard; name = Base; path = Main.storyboard; sourceTree = "<group>"; };
		363627371D7D1E19007CEA79 /* Info.plist */ = {isa = PBXFileReference; fileEncoding = 4; lastKnownFileType = text.plist.xml; path = Info.plist; sourceTree = "<group>"; };
		363627381D7D1E19007CEA79 /* InviteViewController.swift */ = {isa = PBXFileReference; fileEncoding = 4; lastKnownFileType = sourcecode.swift; path = InviteViewController.swift; sourceTree = "<group>"; };
		363627391D7D1E19007CEA79 /* RoomViewController.swift */ = {isa = PBXFileReference; fileEncoding = 4; lastKnownFileType = sourcecode.swift; path = RoomViewController.swift; sourceTree = "<group>"; };
		6083BF5F91C4BA9BFF134261 /* Pods-WilddogVideoDemo.release.xcconfig */ = {isa = PBXFileReference; includeInIndex = 1; lastKnownFileType = text.xcconfig; name = "Pods-WilddogVideoDemo.release.xcconfig"; path = "Pods/Target Support Files/Pods-WilddogVideoDemo/Pods-WilddogVideoDemo.release.xcconfig"; sourceTree = "<group>"; };
		A807D9D3B2542CD95EF05DF9 /* Pods-WilddogVideoDemo.debug.xcconfig */ = {isa = PBXFileReference; includeInIndex = 1; lastKnownFileType = text.xcconfig; name = "Pods-WilddogVideoDemo.debug.xcconfig"; path = "Pods/Target Support Files/Pods-WilddogVideoDemo/Pods-WilddogVideoDemo.debug.xcconfig"; sourceTree = "<group>"; };
/* End PBXFileReference section */

/* Begin PBXFrameworksBuildPhase section */
		363627171D7D1DC7007CEA79 /* Frameworks */ = {
			isa = PBXFrameworksBuildPhase;
			buildActionMask = 2147483647;
			files = (
				5E7028FCADD5468423F762BF /* Pods_WilddogVideoDemo.framework in Frameworks */,
			);
			runOnlyForDeploymentPostprocessing = 0;
		};
/* End PBXFrameworksBuildPhase section */

/* Begin PBXGroup section */
		363627111D7D1DC7007CEA79 = {
			isa = PBXGroup;
			children = (
				3636271C1D7D1DC7007CEA79 /* WilddogVideoDemo */,
				3636271B1D7D1DC7007CEA79 /* Products */,
				57F9E161A6B85D3E66550132 /* Pods */,
				474AEA7128484684F8C234E7 /* Frameworks */,
			);
			sourceTree = "<group>";
		};
		3636271B1D7D1DC7007CEA79 /* Products */ = {
			isa = PBXGroup;
			children = (
				3636271A1D7D1DC7007CEA79 /* WilddogVideoDemo.app */,
			);
			name = Products;
			sourceTree = "<group>";
		};
		3636271C1D7D1DC7007CEA79 /* WilddogVideoDemo */ = {
			isa = PBXGroup;
			children = (
				363627381D7D1E19007CEA79 /* InviteViewController.swift */,
				363627391D7D1E19007CEA79 /* RoomViewController.swift */,
				3636272F1D7D1E19007CEA79 /* AppDelegate.swift */,
				363627301D7D1E19007CEA79 /* Assets.xcassets */,
				363627321D7D1E19007CEA79 /* LaunchScreen.storyboard */,
				363627341D7D1E19007CEA79 /* Main.storyboard */,
				363627371D7D1E19007CEA79 /* Info.plist */,
			);
			path = WilddogVideoDemo;
			sourceTree = "<group>";
		};
		474AEA7128484684F8C234E7 /* Frameworks */ = {
			isa = PBXGroup;
			children = (
				126F1FCA001D8FB0C98DEA4B /* Pods_WilddogVideoDemo.framework */,
			);
			name = Frameworks;
			sourceTree = "<group>";
		};
		57F9E161A6B85D3E66550132 /* Pods */ = {
			isa = PBXGroup;
			children = (
				A807D9D3B2542CD95EF05DF9 /* Pods-WilddogVideoDemo.debug.xcconfig */,
				6083BF5F91C4BA9BFF134261 /* Pods-WilddogVideoDemo.release.xcconfig */,
			);
			name = Pods;
			sourceTree = "<group>";
		};
/* End PBXGroup section */

/* Begin PBXNativeTarget section */
		363627191D7D1DC7007CEA79 /* WilddogVideoDemo */ = {
			isa = PBXNativeTarget;
			buildConfigurationList = 3636272C1D7D1DC7007CEA79 /* Build configuration list for PBXNativeTarget "WilddogVideoDemo" */;
			buildPhases = (
				83FD8C8EF23801C79C747738 /* [CP] Check Pods Manifest.lock */,
				363627161D7D1DC7007CEA79 /* Sources */,
				363627171D7D1DC7007CEA79 /* Frameworks */,
				363627181D7D1DC7007CEA79 /* Resources */,
				D384E838A2CAFE78BE4297DB /* [CP] Embed Pods Frameworks */,
				887D33D15081E991C62BBF5F /* [CP] Copy Pods Resources */,
			);
			buildRules = (
			);
			dependencies = (
			);
			name = WilddogVideoDemo;
			productName = WilddogVideoDemo;
			productReference = 3636271A1D7D1DC7007CEA79 /* WilddogVideoDemo.app */;
			productType = "com.apple.product-type.application";
		};
/* End PBXNativeTarget section */

/* Begin PBXProject section */
		363627121D7D1DC7007CEA79 /* Project object */ = {
			isa = PBXProject;
			attributes = {
				LastSwiftUpdateCheck = 0730;
				LastUpgradeCheck = 0730;
				ORGANIZATIONNAME = WildDog;
				TargetAttributes = {
					363627191D7D1DC7007CEA79 = {
						CreatedOnToolsVersion = 7.3.1;
					};
				};
			};
			buildConfigurationList = 363627151D7D1DC7007CEA79 /* Build configuration list for PBXProject "WilddogVideoDemo" */;
			compatibilityVersion = "Xcode 3.2";
			developmentRegion = English;
			hasScannedForEncodings = 0;
			knownRegions = (
				en,
				Base,
			);
			mainGroup = 363627111D7D1DC7007CEA79;
			productRefGroup = 3636271B1D7D1DC7007CEA79 /* Products */;
			projectDirPath = "";
			projectRoot = "";
			targets = (
				363627191D7D1DC7007CEA79 /* WilddogVideoDemo */,
			);
		};
/* End PBXProject section */

/* Begin PBXResourcesBuildPhase section */
		363627181D7D1DC7007CEA79 /* Resources */ = {
			isa = PBXResourcesBuildPhase;
			buildActionMask = 2147483647;
			files = (
				3636273E1D7D1E19007CEA79 /* Main.storyboard in Resources */,
				3636273C1D7D1E19007CEA79 /* Assets.xcassets in Resources */,
				3636273D1D7D1E19007CEA79 /* LaunchScreen.storyboard in Resources */,
			);
			runOnlyForDeploymentPostprocessing = 0;
		};
/* End PBXResourcesBuildPhase section */

/* Begin PBXShellScriptBuildPhase section */
		83FD8C8EF23801C79C747738 /* [CP] Check Pods Manifest.lock */ = {
			isa = PBXShellScriptBuildPhase;
			buildActionMask = 2147483647;
			files = (
			);
			inputPaths = (
			);
			name = "[CP] Check Pods Manifest.lock";
			outputPaths = (
			);
			runOnlyForDeploymentPostprocessing = 0;
			shellPath = /bin/sh;
			shellScript = "diff \"${PODS_ROOT}/../Podfile.lock\" \"${PODS_ROOT}/Manifest.lock\" > /dev/null\nif [[ $? != 0 ]] ; then\n    cat << EOM\nerror: The sandbox is not in sync with the Podfile.lock. Run 'pod install' or update your CocoaPods installation.\nEOM\n    exit 1\nfi\n";
			showEnvVarsInLog = 0;
		};
		887D33D15081E991C62BBF5F /* [CP] Copy Pods Resources */ = {
			isa = PBXShellScriptBuildPhase;
			buildActionMask = 2147483647;
			files = (
			);
			inputPaths = (
			);
			name = "[CP] Copy Pods Resources";
			outputPaths = (
			);
			runOnlyForDeploymentPostprocessing = 0;
			shellPath = /bin/sh;
			shellScript = "\"${SRCROOT}/Pods/Target Support Files/Pods-WilddogVideoDemo/Pods-WilddogVideoDemo-resources.sh\"\n";
			showEnvVarsInLog = 0;
		};
		D384E838A2CAFE78BE4297DB /* [CP] Embed Pods Frameworks */ = {
			isa = PBXShellScriptBuildPhase;
			buildActionMask = 2147483647;
			files = (
			);
			inputPaths = (
			);
			name = "[CP] Embed Pods Frameworks";
			outputPaths = (
			);
			runOnlyForDeploymentPostprocessing = 0;
			shellPath = /bin/sh;
			shellScript = "\"${SRCROOT}/Pods/Target Support Files/Pods-WilddogVideoDemo/Pods-WilddogVideoDemo-frameworks.sh\"\n";
			showEnvVarsInLog = 0;
		};
/* End PBXShellScriptBuildPhase section */

/* Begin PBXSourcesBuildPhase section */
		363627161D7D1DC7007CEA79 /* Sources */ = {
			isa = PBXSourcesBuildPhase;
			buildActionMask = 2147483647;
			files = (
				363627411D7D1E19007CEA79 /* InviteViewController.swift in Sources */,
				3636273B1D7D1E19007CEA79 /* AppDelegate.swift in Sources */,
				363627421D7D1E19007CEA79 /* RoomViewController.swift in Sources */,
			);
			runOnlyForDeploymentPostprocessing = 0;
		};
/* End PBXSourcesBuildPhase section */

/* Begin PBXVariantGroup section */
		363627321D7D1E19007CEA79 /* LaunchScreen.storyboard */ = {
			isa = PBXVariantGroup;
			children = (
				363627331D7D1E19007CEA79 /* Base */,
			);
			name = LaunchScreen.storyboard;
			path = Base.lproj;
			sourceTree = "<group>";
		};
		363627341D7D1E19007CEA79 /* Main.storyboard */ = {
			isa = PBXVariantGroup;
			children = (
				363627351D7D1E19007CEA79 /* Base */,
			);
			name = Main.storyboard;
			path = Base.lproj;
			sourceTree = "<group>";
		};
/* End PBXVariantGroup section */

/* Begin XCBuildConfiguration section */
		3636272A1D7D1DC7007CEA79 /* Debug */ = {
			isa = XCBuildConfiguration;
			buildSettings = {
				ALWAYS_SEARCH_USER_PATHS = NO;
				CLANG_ANALYZER_NONNULL = YES;
				CLANG_CXX_LANGUAGE_STANDARD = "gnu++0x";
				CLANG_CXX_LIBRARY = "libc++";
				CLANG_ENABLE_MODULES = YES;
				CLANG_ENABLE_OBJC_ARC = YES;
				CLANG_WARN_BOOL_CONVERSION = YES;
				CLANG_WARN_CONSTANT_CONVERSION = YES;
				CLANG_WARN_DIRECT_OBJC_ISA_USAGE = YES_ERROR;
				CLANG_WARN_EMPTY_BODY = YES;
				CLANG_WARN_ENUM_CONVERSION = YES;
				CLANG_WARN_INT_CONVERSION = YES;
				CLANG_WARN_OBJC_ROOT_CLASS = YES_ERROR;
				CLANG_WARN_UNREACHABLE_CODE = YES;
				CLANG_WARN__DUPLICATE_METHOD_MATCH = YES;
				"CODE_SIGN_IDENTITY[sdk=iphoneos*]" = "iPhone Developer";
				COPY_PHASE_STRIP = NO;
				DEBUG_INFORMATION_FORMAT = dwarf;
				ENABLE_STRICT_OBJC_MSGSEND = YES;
				ENABLE_TESTABILITY = YES;
				GCC_C_LANGUAGE_STANDARD = gnu99;
				GCC_DYNAMIC_NO_PIC = NO;
				GCC_NO_COMMON_BLOCKS = YES;
				GCC_OPTIMIZATION_LEVEL = 0;
				GCC_PREPROCESSOR_DEFINITIONS = (
					"DEBUG=1",
					"$(inherited)",
				);
				GCC_WARN_64_TO_32_BIT_CONVERSION = YES;
				GCC_WARN_ABOUT_RETURN_TYPE = YES_ERROR;
				GCC_WARN_UNDECLARED_SELECTOR = YES;
				GCC_WARN_UNINITIALIZED_AUTOS = YES_AGGRESSIVE;
				GCC_WARN_UNUSED_FUNCTION = YES;
				GCC_WARN_UNUSED_VARIABLE = YES;
				IPHONEOS_DEPLOYMENT_TARGET = 9.3;
				MTL_ENABLE_DEBUG_INFO = YES;
				ONLY_ACTIVE_ARCH = YES;
				SDKROOT = iphoneos;
				SWIFT_OPTIMIZATION_LEVEL = "-Onone";
				TARGETED_DEVICE_FAMILY = "1,2";
			};
			name = Debug;
		};
		3636272B1D7D1DC7007CEA79 /* Release */ = {
			isa = XCBuildConfiguration;
			buildSettings = {
				ALWAYS_SEARCH_USER_PATHS = NO;
				CLANG_ANALYZER_NONNULL = YES;
				CLANG_CXX_LANGUAGE_STANDARD = "gnu++0x";
				CLANG_CXX_LIBRARY = "libc++";
				CLANG_ENABLE_MODULES = YES;
				CLANG_ENABLE_OBJC_ARC = YES;
				CLANG_WARN_BOOL_CONVERSION = YES;
				CLANG_WARN_CONSTANT_CONVERSION = YES;
				CLANG_WARN_DIRECT_OBJC_ISA_USAGE = YES_ERROR;
				CLANG_WARN_EMPTY_BODY = YES;
				CLANG_WARN_ENUM_CONVERSION = YES;
				CLANG_WARN_INT_CONVERSION = YES;
				CLANG_WARN_OBJC_ROOT_CLASS = YES_ERROR;
				CLANG_WARN_UNREACHABLE_CODE = YES;
				CLANG_WARN__DUPLICATE_METHOD_MATCH = YES;
				"CODE_SIGN_IDENTITY[sdk=iphoneos*]" = "iPhone Developer";
				COPY_PHASE_STRIP = NO;
				DEBUG_INFORMATION_FORMAT = "dwarf-with-dsym";
				ENABLE_NS_ASSERTIONS = NO;
				ENABLE_STRICT_OBJC_MSGSEND = YES;
				GCC_C_LANGUAGE_STANDARD = gnu99;
				GCC_NO_COMMON_BLOCKS = YES;
				GCC_WARN_64_TO_32_BIT_CONVERSION = YES;
				GCC_WARN_ABOUT_RETURN_TYPE = YES_ERROR;
				GCC_WARN_UNDECLARED_SELECTOR = YES;
				GCC_WARN_UNINITIALIZED_AUTOS = YES_AGGRESSIVE;
				GCC_WARN_UNUSED_FUNCTION = YES;
				GCC_WARN_UNUSED_VARIABLE = YES;
				IPHONEOS_DEPLOYMENT_TARGET = 9.3;
				MTL_ENABLE_DEBUG_INFO = NO;
				SDKROOT = iphoneos;
				TARGETED_DEVICE_FAMILY = "1,2";
				VALIDATE_PRODUCT = YES;
			};
			name = Release;
		};
		3636272D1D7D1DC7007CEA79 /* Debug */ = {
			isa = XCBuildConfiguration;
			baseConfigurationReference = A807D9D3B2542CD95EF05DF9 /* Pods-WilddogVideoDemo.debug.xcconfig */;
			buildSettings = {
				ASSETCATALOG_COMPILER_APPICON_NAME = AppIcon;
				CLANG_ENABLE_MODULES = YES;
				ENABLE_BITCODE = NO;
				INFOPLIST_FILE = WilddogVideoDemo/Info.plist;
				LD_RUNPATH_SEARCH_PATHS = "$(inherited) @executable_path/Frameworks";
				PRODUCT_BUNDLE_IDENTIFIER = com.wilddog.WilddogVideoDemo;
				PRODUCT_NAME = "$(TARGET_NAME)";
				SWIFT_OBJC_BRIDGING_HEADER = "";
				SWIFT_OPTIMIZATION_LEVEL = "-Onone";
			};
			name = Debug;
		};
		3636272E1D7D1DC7007CEA79 /* Release */ = {
			isa = XCBuildConfiguration;
			baseConfigurationReference = 6083BF5F91C4BA9BFF134261 /* Pods-WilddogVideoDemo.release.xcconfig */;
			buildSettings = {
				ASSETCATALOG_COMPILER_APPICON_NAME = AppIcon;
				CLANG_ENABLE_MODULES = YES;
				ENABLE_BITCODE = NO;
				INFOPLIST_FILE = WilddogVideoDemo/Info.plist;
				LD_RUNPATH_SEARCH_PATHS = "$(inherited) @executable_path/Frameworks";
				PRODUCT_BUNDLE_IDENTIFIER = com.wilddog.WilddogVideoDemo;
				PRODUCT_NAME = "$(TARGET_NAME)";
				SWIFT_OBJC_BRIDGING_HEADER = "";
			};
			name = Release;
		};
/* End XCBuildConfiguration section */

/* Begin XCConfigurationList section */
		363627151D7D1DC7007CEA79 /* Build configuration list for PBXProject "WilddogVideoDemo" */ = {
			isa = XCConfigurationList;
			buildConfigurations = (
				3636272A1D7D1DC7007CEA79 /* Debug */,
				3636272B1D7D1DC7007CEA79 /* Release */,
			);
			defaultConfigurationIsVisible = 0;
			defaultConfigurationName = Release;
		};
		3636272C1D7D1DC7007CEA79 /* Build configuration list for PBXNativeTarget "WilddogVideoDemo" */ = {
			isa = XCConfigurationList;
			buildConfigurations = (
				3636272D1D7D1DC7007CEA79 /* Debug */,
				3636272E1D7D1DC7007CEA79 /* Release */,
			);
			defaultConfigurationIsVisible = 0;
			defaultConfigurationName = Release;
		};
/* End XCConfigurationList section */
	};
	rootObject = 363627121D7D1DC7007CEA79 /* Project object */;
}
