// !$*UTF8*$!
{
	archiveVersion = 1;
	classes = {
	};
	objectVersion = 46;
	objects = {

/* Begin PBXBuildFile section */
		1AC45A2083BF7A6A5B047FBF /* libPods-WilddogVideoQuickStartTests.a in Frameworks */ = {isa = PBXBuildFile; fileRef = 9F47F1E9BA9A17086E9D8217 /* libPods-WilddogVideoQuickStartTests.a */; };
		28162E941D87DF9200D22B14 /* UserListTableViewController.m in Sources */ = {isa = PBXBuildFile; fileRef = 28162E931D87DF9200D22B14 /* UserListTableViewController.m */; };
		28C92F2C1D8692450098950B /* main.m in Sources */ = {isa = PBXBuildFile; fileRef = 28C92F2B1D8692450098950B /* main.m */; };
		28C92F2F1D8692450098950B /* AppDelegate.m in Sources */ = {isa = PBXBuildFile; fileRef = 28C92F2E1D8692450098950B /* AppDelegate.m */; };
		28C92F321D8692450098950B /* LoginViewController.m in Sources */ = {isa = PBXBuildFile; fileRef = 28C92F311D8692450098950B /* LoginViewController.m */; };
		28C92F351D8692450098950B /* Main.storyboard in Resources */ = {isa = PBXBuildFile; fileRef = 28C92F331D8692450098950B /* Main.storyboard */; };
		28C92F371D8692450098950B /* Assets.xcassets in Resources */ = {isa = PBXBuildFile; fileRef = 28C92F361D8692450098950B /* Assets.xcassets */; };
		28C92F3A1D8692450098950B /* LaunchScreen.storyboard in Resources */ = {isa = PBXBuildFile; fileRef = 28C92F381D8692450098950B /* LaunchScreen.storyboard */; };
		28C92F451D8692450098950B /* WilddogVideoQuickStartTests.m in Sources */ = {isa = PBXBuildFile; fileRef = 28C92F441D8692450098950B /* WilddogVideoQuickStartTests.m */; };
		28C92F561D86A1DE0098950B /* RoomViewController.m in Sources */ = {isa = PBXBuildFile; fileRef = 28C92F551D86A1DE0098950B /* RoomViewController.m */; };
		736E4591FC49154C4649E6B8 /* libPods-WilddogVideoQuickStart.a in Frameworks */ = {isa = PBXBuildFile; fileRef = 81ED78F7C14D2C2C4F759EB1 /* libPods-WilddogVideoQuickStart.a */; };
/* End PBXBuildFile section */

/* Begin PBXContainerItemProxy section */
		28C92F411D8692450098950B /* PBXContainerItemProxy */ = {
			isa = PBXContainerItemProxy;
			containerPortal = 28C92F1F1D8692450098950B /* Project object */;
			proxyType = 1;
			remoteGlobalIDString = 28C92F261D8692450098950B;
			remoteInfo = WilddogVideoQuickStart;
		};
/* End PBXContainerItemProxy section */

/* Begin PBXFileReference section */
		0966DCF5E06BD5481C4C2641 /* Pods-WilddogVideoQuickStart.release.xcconfig */ = {isa = PBXFileReference; includeInIndex = 1; lastKnownFileType = text.xcconfig; name = "Pods-WilddogVideoQuickStart.release.xcconfig"; path = "Pods/Target Support Files/Pods-WilddogVideoQuickStart/Pods-WilddogVideoQuickStart.release.xcconfig"; sourceTree = "<group>"; };
		28162E921D87DF9200D22B14 /* UserListTableViewController.h */ = {isa = PBXFileReference; fileEncoding = 4; lastKnownFileType = sourcecode.c.h; path = UserListTableViewController.h; sourceTree = "<group>"; };
		28162E931D87DF9200D22B14 /* UserListTableViewController.m */ = {isa = PBXFileReference; fileEncoding = 4; lastKnownFileType = sourcecode.c.objc; path = UserListTableViewController.m; sourceTree = "<group>"; };
		28C92F271D8692450098950B /* WilddogVideoQuickStart.app */ = {isa = PBXFileReference; explicitFileType = wrapper.application; includeInIndex = 0; path = WilddogVideoQuickStart.app; sourceTree = BUILT_PRODUCTS_DIR; };
		28C92F2B1D8692450098950B /* main.m */ = {isa = PBXFileReference; lastKnownFileType = sourcecode.c.objc; path = main.m; sourceTree = "<group>"; };
		28C92F2D1D8692450098950B /* AppDelegate.h */ = {isa = PBXFileReference; lastKnownFileType = sourcecode.c.h; path = AppDelegate.h; sourceTree = "<group>"; };
		28C92F2E1D8692450098950B /* AppDelegate.m */ = {isa = PBXFileReference; lastKnownFileType = sourcecode.c.objc; path = AppDelegate.m; sourceTree = "<group>"; };
		28C92F301D8692450098950B /* LoginViewController.h */ = {isa = PBXFileReference; lastKnownFileType = sourcecode.c.h; path = LoginViewController.h; sourceTree = "<group>"; };
		28C92F311D8692450098950B /* LoginViewController.m */ = {isa = PBXFileReference; lastKnownFileType = sourcecode.c.objc; path = LoginViewController.m; sourceTree = "<group>"; };
		28C92F341D8692450098950B /* Base */ = {isa = PBXFileReference; lastKnownFileType = file.storyboard; name = Base; path = Base.lproj/Main.storyboard; sourceTree = "<group>"; };
		28C92F361D8692450098950B /* Assets.xcassets */ = {isa = PBXFileReference; lastKnownFileType = folder.assetcatalog; path = Assets.xcassets; sourceTree = "<group>"; };
		28C92F391D8692450098950B /* Base */ = {isa = PBXFileReference; lastKnownFileType = file.storyboard; name = Base; path = Base.lproj/LaunchScreen.storyboard; sourceTree = "<group>"; };
		28C92F3B1D8692450098950B /* Info.plist */ = {isa = PBXFileReference; lastKnownFileType = text.plist.xml; path = Info.plist; sourceTree = "<group>"; };
		28C92F401D8692450098950B /* WilddogVideoQuickStartTests.xctest */ = {isa = PBXFileReference; explicitFileType = wrapper.cfbundle; includeInIndex = 0; path = WilddogVideoQuickStartTests.xctest; sourceTree = BUILT_PRODUCTS_DIR; };
		28C92F441D8692450098950B /* WilddogVideoQuickStartTests.m */ = {isa = PBXFileReference; lastKnownFileType = sourcecode.c.objc; path = WilddogVideoQuickStartTests.m; sourceTree = "<group>"; };
		28C92F461D8692450098950B /* Info.plist */ = {isa = PBXFileReference; lastKnownFileType = text.plist.xml; path = Info.plist; sourceTree = "<group>"; };
		28C92F541D86A1DE0098950B /* RoomViewController.h */ = {isa = PBXFileReference; fileEncoding = 4; lastKnownFileType = sourcecode.c.h; path = RoomViewController.h; sourceTree = "<group>"; };
		28C92F551D86A1DE0098950B /* RoomViewController.m */ = {isa = PBXFileReference; fileEncoding = 4; lastKnownFileType = sourcecode.c.objc; path = RoomViewController.m; sourceTree = "<group>"; };
		4ED1E01ECC9D3764DC20A56A /* Pods-WilddogVideoQuickStart.debug.xcconfig */ = {isa = PBXFileReference; includeInIndex = 1; lastKnownFileType = text.xcconfig; name = "Pods-WilddogVideoQuickStart.debug.xcconfig"; path = "Pods/Target Support Files/Pods-WilddogVideoQuickStart/Pods-WilddogVideoQuickStart.debug.xcconfig"; sourceTree = "<group>"; };
		7BFCC5F30F8F0C92EE155E25 /* Pods-WilddogVideoQuickStartTests.debug.xcconfig */ = {isa = PBXFileReference; includeInIndex = 1; lastKnownFileType = text.xcconfig; name = "Pods-WilddogVideoQuickStartTests.debug.xcconfig"; path = "Pods/Target Support Files/Pods-WilddogVideoQuickStartTests/Pods-WilddogVideoQuickStartTests.debug.xcconfig"; sourceTree = "<group>"; };
		81ED78F7C14D2C2C4F759EB1 /* libPods-WilddogVideoQuickStart.a */ = {isa = PBXFileReference; explicitFileType = archive.ar; includeInIndex = 0; path = "libPods-WilddogVideoQuickStart.a"; sourceTree = BUILT_PRODUCTS_DIR; };
		924F9C7FF90335BCD3A622AD /* Pods-WilddogVideoQuickStartTests.release.xcconfig */ = {isa = PBXFileReference; includeInIndex = 1; lastKnownFileType = text.xcconfig; name = "Pods-WilddogVideoQuickStartTests.release.xcconfig"; path = "Pods/Target Support Files/Pods-WilddogVideoQuickStartTests/Pods-WilddogVideoQuickStartTests.release.xcconfig"; sourceTree = "<group>"; };
		9F47F1E9BA9A17086E9D8217 /* libPods-WilddogVideoQuickStartTests.a */ = {isa = PBXFileReference; explicitFileType = archive.ar; includeInIndex = 0; path = "libPods-WilddogVideoQuickStartTests.a"; sourceTree = BUILT_PRODUCTS_DIR; };
/* End PBXFileReference section */

/* Begin PBXFrameworksBuildPhase section */
		28C92F241D8692450098950B /* Frameworks */ = {
			isa = PBXFrameworksBuildPhase;
			buildActionMask = 2147483647;
			files = (
				736E4591FC49154C4649E6B8 /* libPods-WilddogVideoQuickStart.a in Frameworks */,
			);
			runOnlyForDeploymentPostprocessing = 0;
		};
		28C92F3D1D8692450098950B /* Frameworks */ = {
			isa = PBXFrameworksBuildPhase;
			buildActionMask = 2147483647;
			files = (
				1AC45A2083BF7A6A5B047FBF /* libPods-WilddogVideoQuickStartTests.a in Frameworks */,
			);
			runOnlyForDeploymentPostprocessing = 0;
		};
/* End PBXFrameworksBuildPhase section */

/* Begin PBXGroup section */
		28C92F1E1D8692450098950B = {
			isa = PBXGroup;
			children = (
				28C92F291D8692450098950B /* WilddogVideoQuickStart */,
				28C92F431D8692450098950B /* WilddogVideoQuickStartTests */,
				28C92F281D8692450098950B /* Products */,
				50C80ED334CB241493051AA3 /* Pods */,
				84770D43F5ADB03870315A81 /* Frameworks */,
			);
			sourceTree = "<group>";
		};
		28C92F281D8692450098950B /* Products */ = {
			isa = PBXGroup;
			children = (
				28C92F271D8692450098950B /* WilddogVideoQuickStart.app */,
				28C92F401D8692450098950B /* WilddogVideoQuickStartTests.xctest */,
			);
			name = Products;
			sourceTree = "<group>";
		};
		28C92F291D8692450098950B /* WilddogVideoQuickStart */ = {
			isa = PBXGroup;
			children = (
				28C92F2D1D8692450098950B /* AppDelegate.h */,
				28C92F2E1D8692450098950B /* AppDelegate.m */,
				28C92F301D8692450098950B /* LoginViewController.h */,
				28C92F311D8692450098950B /* LoginViewController.m */,
				28C92F541D86A1DE0098950B /* RoomViewController.h */,
				28C92F551D86A1DE0098950B /* RoomViewController.m */,
				28162E921D87DF9200D22B14 /* UserListTableViewController.h */,
				28162E931D87DF9200D22B14 /* UserListTableViewController.m */,
				28C92F331D8692450098950B /* Main.storyboard */,
				28C92F361D8692450098950B /* Assets.xcassets */,
				28C92F381D8692450098950B /* LaunchScreen.storyboard */,
				28C92F3B1D8692450098950B /* Info.plist */,
				28C92F2A1D8692450098950B /* Supporting Files */,
			);
			path = WilddogVideoQuickStart;
			sourceTree = "<group>";
		};
		28C92F2A1D8692450098950B /* Supporting Files */ = {
			isa = PBXGroup;
			children = (
				28C92F2B1D8692450098950B /* main.m */,
			);
			name = "Supporting Files";
			sourceTree = "<group>";
		};
		28C92F431D8692450098950B /* WilddogVideoQuickStartTests */ = {
			isa = PBXGroup;
			children = (
				28C92F441D8692450098950B /* WilddogVideoQuickStartTests.m */,
				28C92F461D8692450098950B /* Info.plist */,
			);
			path = WilddogVideoQuickStartTests;
			sourceTree = "<group>";
		};
		50C80ED334CB241493051AA3 /* Pods */ = {
			isa = PBXGroup;
			children = (
				4ED1E01ECC9D3764DC20A56A /* Pods-WilddogVideoQuickStart.debug.xcconfig */,
				0966DCF5E06BD5481C4C2641 /* Pods-WilddogVideoQuickStart.release.xcconfig */,
				7BFCC5F30F8F0C92EE155E25 /* Pods-WilddogVideoQuickStartTests.debug.xcconfig */,
				924F9C7FF90335BCD3A622AD /* Pods-WilddogVideoQuickStartTests.release.xcconfig */,
			);
			name = Pods;
			sourceTree = "<group>";
		};
		84770D43F5ADB03870315A81 /* Frameworks */ = {
			isa = PBXGroup;
			children = (
				81ED78F7C14D2C2C4F759EB1 /* libPods-WilddogVideoQuickStart.a */,
				9F47F1E9BA9A17086E9D8217 /* libPods-WilddogVideoQuickStartTests.a */,
			);
			name = Frameworks;
			sourceTree = "<group>";
		};
/* End PBXGroup section */

/* Begin PBXNativeTarget section */
		28C92F261D8692450098950B /* WilddogVideoQuickStart */ = {
			isa = PBXNativeTarget;
			buildConfigurationList = 28C92F491D8692450098950B /* Build configuration list for PBXNativeTarget "WilddogVideoQuickStart" */;
			buildPhases = (
				6970983A145DA54AC5A73500 /* [CP] Check Pods Manifest.lock */,
				28C92F231D8692450098950B /* Sources */,
				28C92F241D8692450098950B /* Frameworks */,
				28C92F251D8692450098950B /* Resources */,
				058CF17EB021AC83126F149E /* [CP] Embed Pods Frameworks */,
				82384B1B45AD1B76E09CDB2D /* [CP] Copy Pods Resources */,
			);
			buildRules = (
			);
			dependencies = (
			);
			name = WilddogVideoQuickStart;
			productName = WilddogVideoQuickStart;
			productReference = 28C92F271D8692450098950B /* WilddogVideoQuickStart.app */;
			productType = "com.apple.product-type.application";
		};
		28C92F3F1D8692450098950B /* WilddogVideoQuickStartTests */ = {
			isa = PBXNativeTarget;
			buildConfigurationList = 28C92F4C1D8692450098950B /* Build configuration list for PBXNativeTarget "WilddogVideoQuickStartTests" */;
			buildPhases = (
				9707EC1F968479B114418F3F /* [CP] Check Pods Manifest.lock */,
				28C92F3C1D8692450098950B /* Sources */,
				28C92F3D1D8692450098950B /* Frameworks */,
				28C92F3E1D8692450098950B /* Resources */,
				5F9FBE2FA50195F1A4BAC2AC /* [CP] Embed Pods Frameworks */,
				2E0FAB78B96EEA0045E06C33 /* [CP] Copy Pods Resources */,
			);
			buildRules = (
			);
			dependencies = (
				28C92F421D8692450098950B /* PBXTargetDependency */,
			);
			name = WilddogVideoQuickStartTests;
			productName = WilddogVideoQuickStartTests;
			productReference = 28C92F401D8692450098950B /* WilddogVideoQuickStartTests.xctest */;
			productType = "com.apple.product-type.bundle.unit-test";
		};
/* End PBXNativeTarget section */

/* Begin PBXProject section */
		28C92F1F1D8692450098950B /* Project object */ = {
			isa = PBXProject;
			attributes = {
				LastUpgradeCheck = 0800;
				ORGANIZATIONNAME = liwuyang;
				TargetAttributes = {
					28C92F261D8692450098950B = {
						CreatedOnToolsVersion = 7.3.1;
						DevelopmentTeam = 5RERN32D73;
					};
					28C92F3F1D8692450098950B = {
						CreatedOnToolsVersion = 7.3.1;
						TestTargetID = 28C92F261D8692450098950B;
					};
				};
			};
			buildConfigurationList = 28C92F221D8692450098950B /* Build configuration list for PBXProject "WilddogVideoQuickStart" */;
			compatibilityVersion = "Xcode 3.2";
			developmentRegion = English;
			hasScannedForEncodings = 0;
			knownRegions = (
				en,
				Base,
			);
			mainGroup = 28C92F1E1D8692450098950B;
			productRefGroup = 28C92F281D8692450098950B /* Products */;
			projectDirPath = "";
			projectRoot = "";
			targets = (
				28C92F261D8692450098950B /* WilddogVideoQuickStart */,
				28C92F3F1D8692450098950B /* WilddogVideoQuickStartTests */,
			);
		};
/* End PBXProject section */

/* Begin PBXResourcesBuildPhase section */
		28C92F251D8692450098950B /* Resources */ = {
			isa = PBXResourcesBuildPhase;
			buildActionMask = 2147483647;
			files = (
				28C92F3A1D8692450098950B /* LaunchScreen.storyboard in Resources */,
				28C92F371D8692450098950B /* Assets.xcassets in Resources */,
				28C92F351D8692450098950B /* Main.storyboard in Resources */,
			);
			runOnlyForDeploymentPostprocessing = 0;
		};
		28C92F3E1D8692450098950B /* Resources */ = {
			isa = PBXResourcesBuildPhase;
			buildActionMask = 2147483647;
			files = (
			);
			runOnlyForDeploymentPostprocessing = 0;
		};
/* End PBXResourcesBuildPhase section */

/* Begin PBXShellScriptBuildPhase section */
		058CF17EB021AC83126F149E /* [CP] Embed Pods Frameworks */ = {
			isa = PBXShellScriptBuildPhase;
			buildActionMask = 2147483647;
			files = (
			);
			inputPaths = (
			);
			name = "[CP] Embed Pods Frameworks";
			outputPaths = (
			);
			runOnlyForDeploymentPostprocessing = 0;
			shellPath = /bin/sh;
			shellScript = "\"${SRCROOT}/Pods/Target Support Files/Pods-WilddogVideoQuickStart/Pods-WilddogVideoQuickStart-frameworks.sh\"\n";
			showEnvVarsInLog = 0;
		};
		2E0FAB78B96EEA0045E06C33 /* [CP] Copy Pods Resources */ = {
			isa = PBXShellScriptBuildPhase;
			buildActionMask = 2147483647;
			files = (
			);
			inputPaths = (
			);
			name = "[CP] Copy Pods Resources";
			outputPaths = (
			);
			runOnlyForDeploymentPostprocessing = 0;
			shellPath = /bin/sh;
			shellScript = "\"${SRCROOT}/Pods/Target Support Files/Pods-WilddogVideoQuickStartTests/Pods-WilddogVideoQuickStartTests-resources.sh\"\n";
			showEnvVarsInLog = 0;
		};
		5F9FBE2FA50195F1A4BAC2AC /* [CP] Embed Pods Frameworks */ = {
			isa = PBXShellScriptBuildPhase;
			buildActionMask = 2147483647;
			files = (
			);
			inputPaths = (
			);
			name = "[CP] Embed Pods Frameworks";
			outputPaths = (
			);
			runOnlyForDeploymentPostprocessing = 0;
			shellPath = /bin/sh;
			shellScript = "\"${SRCROOT}/Pods/Target Support Files/Pods-WilddogVideoQuickStartTests/Pods-WilddogVideoQuickStartTests-frameworks.sh\"\n";
			showEnvVarsInLog = 0;
		};
		6970983A145DA54AC5A73500 /* [CP] Check Pods Manifest.lock */ = {
			isa = PBXShellScriptBuildPhase;
			buildActionMask = 2147483647;
			files = (
			);
			inputPaths = (
			);
			name = "[CP] Check Pods Manifest.lock";
			outputPaths = (
			);
			runOnlyForDeploymentPostprocessing = 0;
			shellPath = /bin/sh;
			shellScript = "diff \"${PODS_ROOT}/../Podfile.lock\" \"${PODS_ROOT}/Manifest.lock\" > /dev/null\nif [ $? != 0 ] ; then\n    # print error to STDERR\n    echo \"error: The sandbox is not in sync with the Podfile.lock. Run 'pod install' or update your CocoaPods installation.\" >&2\n    exit 1\nfi\n";
			showEnvVarsInLog = 0;
		};
		82384B1B45AD1B76E09CDB2D /* [CP] Copy Pods Resources */ = {
			isa = PBXShellScriptBuildPhase;
			buildActionMask = 2147483647;
			files = (
			);
			inputPaths = (
			);
			name = "[CP] Copy Pods Resources";
			outputPaths = (
			);
			runOnlyForDeploymentPostprocessing = 0;
			shellPath = /bin/sh;
			shellScript = "\"${SRCROOT}/Pods/Target Support Files/Pods-WilddogVideoQuickStart/Pods-WilddogVideoQuickStart-resources.sh\"\n";
			showEnvVarsInLog = 0;
		};
		9707EC1F968479B114418F3F /* [CP] Check Pods Manifest.lock */ = {
			isa = PBXShellScriptBuildPhase;
			buildActionMask = 2147483647;
			files = (
			);
			inputPaths = (
			);
			name = "[CP] Check Pods Manifest.lock";
			outputPaths = (
			);
			runOnlyForDeploymentPostprocessing = 0;
			shellPath = /bin/sh;
			shellScript = "diff \"${PODS_ROOT}/../Podfile.lock\" \"${PODS_ROOT}/Manifest.lock\" > /dev/null\nif [ $? != 0 ] ; then\n    # print error to STDERR\n    echo \"error: The sandbox is not in sync with the Podfile.lock. Run 'pod install' or update your CocoaPods installation.\" >&2\n    exit 1\nfi\n";
			showEnvVarsInLog = 0;
		};
/* End PBXShellScriptBuildPhase section */

/* Begin PBXSourcesBuildPhase section */
		28C92F231D8692450098950B /* Sources */ = {
			isa = PBXSourcesBuildPhase;
			buildActionMask = 2147483647;
			files = (
				28C92F321D8692450098950B /* LoginViewController.m in Sources */,
				28C92F2F1D8692450098950B /* AppDelegate.m in Sources */,
				28C92F2C1D8692450098950B /* main.m in Sources */,
				28C92F561D86A1DE0098950B /* RoomViewController.m in Sources */,
				28162E941D87DF9200D22B14 /* UserListTableViewController.m in Sources */,
			);
			runOnlyForDeploymentPostprocessing = 0;
		};
		28C92F3C1D8692450098950B /* Sources */ = {
			isa = PBXSourcesBuildPhase;
			buildActionMask = 2147483647;
			files = (
				28C92F451D8692450098950B /* WilddogVideoQuickStartTests.m in Sources */,
			);
			runOnlyForDeploymentPostprocessing = 0;
		};
/* End PBXSourcesBuildPhase section */

/* Begin PBXTargetDependency section */
		28C92F421D8692450098950B /* PBXTargetDependency */ = {
			isa = PBXTargetDependency;
			target = 28C92F261D8692450098950B /* WilddogVideoQuickStart */;
			targetProxy = 28C92F411D8692450098950B /* PBXContainerItemProxy */;
		};
/* End PBXTargetDependency section */

/* Begin PBXVariantGroup section */
		28C92F331D8692450098950B /* Main.storyboard */ = {
			isa = PBXVariantGroup;
			children = (
				28C92F341D8692450098950B /* Base */,
			);
			name = Main.storyboard;
			sourceTree = "<group>";
		};
		28C92F381D8692450098950B /* LaunchScreen.storyboard */ = {
			isa = PBXVariantGroup;
			children = (
				28C92F391D8692450098950B /* Base */,
			);
			name = LaunchScreen.storyboard;
			sourceTree = "<group>";
		};
/* End PBXVariantGroup section */

/* Begin XCBuildConfiguration section */
		28C92F471D8692450098950B /* Debug */ = {
			isa = XCBuildConfiguration;
			buildSettings = {
				ALWAYS_SEARCH_USER_PATHS = NO;
				CLANG_ANALYZER_NONNULL = YES;
				CLANG_CXX_LANGUAGE_STANDARD = "gnu++0x";
				CLANG_CXX_LIBRARY = "libc++";
				CLANG_ENABLE_MODULES = YES;
				CLANG_ENABLE_OBJC_ARC = YES;
				CLANG_WARN_BOOL_CONVERSION = YES;
				CLANG_WARN_CONSTANT_CONVERSION = YES;
				CLANG_WARN_DIRECT_OBJC_ISA_USAGE = YES_ERROR;
				CLANG_WARN_EMPTY_BODY = YES;
				CLANG_WARN_ENUM_CONVERSION = YES;
				CLANG_WARN_INFINITE_RECURSION = YES;
				CLANG_WARN_INT_CONVERSION = YES;
				CLANG_WARN_OBJC_ROOT_CLASS = YES_ERROR;
				CLANG_WARN_SUSPICIOUS_MOVE = YES;
				CLANG_WARN_UNREACHABLE_CODE = YES;
				CLANG_WARN__DUPLICATE_METHOD_MATCH = YES;
				"CODE_SIGN_IDENTITY[sdk=iphoneos*]" = "iPhone Developer";
				COPY_PHASE_STRIP = NO;
				DEBUG_INFORMATION_FORMAT = dwarf;
				ENABLE_STRICT_OBJC_MSGSEND = YES;
				ENABLE_TESTABILITY = YES;
				GCC_C_LANGUAGE_STANDARD = gnu99;
				GCC_DYNAMIC_NO_PIC = NO;
				GCC_NO_COMMON_BLOCKS = YES;
				GCC_OPTIMIZATION_LEVEL = 0;
				GCC_PREPROCESSOR_DEFINITIONS = (
					"DEBUG=1",
					"$(inherited)",
				);
				GCC_WARN_64_TO_32_BIT_CONVERSION = YES;
				GCC_WARN_ABOUT_RETURN_TYPE = YES_ERROR;
				GCC_WARN_UNDECLARED_SELECTOR = YES;
				GCC_WARN_UNINITIALIZED_AUTOS = YES_AGGRESSIVE;
				GCC_WARN_UNUSED_FUNCTION = YES;
				GCC_WARN_UNUSED_VARIABLE = YES;
				IPHONEOS_DEPLOYMENT_TARGET = 9.3;
				MTL_ENABLE_DEBUG_INFO = YES;
				ONLY_ACTIVE_ARCH = YES;
				SDKROOT = iphoneos;
			};
			name = Debug;
		};
		28C92F481D8692450098950B /* Release */ = {
			isa = XCBuildConfiguration;
			buildSettings = {
				ALWAYS_SEARCH_USER_PATHS = NO;
				CLANG_ANALYZER_NONNULL = YES;
				CLANG_CXX_LANGUAGE_STANDARD = "gnu++0x";
				CLANG_CXX_LIBRARY = "libc++";
				CLANG_ENABLE_MODULES = YES;
				CLANG_ENABLE_OBJC_ARC = YES;
				CLANG_WARN_BOOL_CONVERSION = YES;
				CLANG_WARN_CONSTANT_CONVERSION = YES;
				CLANG_WARN_DIRECT_OBJC_ISA_USAGE = YES_ERROR;
				CLANG_WARN_EMPTY_BODY = YES;
				CLANG_WARN_ENUM_CONVERSION = YES;
				CLANG_WARN_INFINITE_RECURSION = YES;
				CLANG_WARN_INT_CONVERSION = YES;
				CLANG_WARN_OBJC_ROOT_CLASS = YES_ERROR;
				CLANG_WARN_SUSPICIOUS_MOVE = YES;
				CLANG_WARN_UNREACHABLE_CODE = YES;
				CLANG_WARN__DUPLICATE_METHOD_MATCH = YES;
				"CODE_SIGN_IDENTITY[sdk=iphoneos*]" = "iPhone Developer";
				COPY_PHASE_STRIP = NO;
				DEBUG_INFORMATION_FORMAT = "dwarf-with-dsym";
				ENABLE_NS_ASSERTIONS = NO;
				ENABLE_STRICT_OBJC_MSGSEND = YES;
				GCC_C_LANGUAGE_STANDARD = gnu99;
				GCC_NO_COMMON_BLOCKS = YES;
				GCC_WARN_64_TO_32_BIT_CONVERSION = YES;
				GCC_WARN_ABOUT_RETURN_TYPE = YES_ERROR;
				GCC_WARN_UNDECLARED_SELECTOR = YES;
				GCC_WARN_UNINITIALIZED_AUTOS = YES_AGGRESSIVE;
				GCC_WARN_UNUSED_FUNCTION = YES;
				GCC_WARN_UNUSED_VARIABLE = YES;
				IPHONEOS_DEPLOYMENT_TARGET = 9.3;
				MTL_ENABLE_DEBUG_INFO = NO;
				SDKROOT = iphoneos;
				VALIDATE_PRODUCT = YES;
			};
			name = Release;
		};
		28C92F4A1D8692450098950B /* Debug */ = {
			isa = XCBuildConfiguration;
			baseConfigurationReference = 4ED1E01ECC9D3764DC20A56A /* Pods-WilddogVideoQuickStart.debug.xcconfig */;
			buildSettings = {
				ASSETCATALOG_COMPILER_APPICON_NAME = AppIcon;
				DEVELOPMENT_TEAM = 5RERN32D73;
				ENABLE_BITCODE = NO;
				INFOPLIST_FILE = WilddogVideoQuickStart/Info.plist;
				IPHONEOS_DEPLOYMENT_TARGET = 8.0;
				LD_RUNPATH_SEARCH_PATHS = "$(inherited) @executable_path/Frameworks";
				PRODUCT_BUNDLE_IDENTIFIER = com.wilddog.demo;
				PRODUCT_NAME = "$(TARGET_NAME)";
				TARGETED_DEVICE_FAMILY = "1,2";
			};
			name = Debug;
		};
		28C92F4B1D8692450098950B /* Release */ = {
			isa = XCBuildConfiguration;
			baseConfigurationReference = 0966DCF5E06BD5481C4C2641 /* Pods-WilddogVideoQuickStart.release.xcconfig */;
			buildSettings = {
				ASSETCATALOG_COMPILER_APPICON_NAME = AppIcon;
				DEVELOPMENT_TEAM = 5RERN32D73;
				ENABLE_BITCODE = NO;
				INFOPLIST_FILE = WilddogVideoQuickStart/Info.plist;
				IPHONEOS_DEPLOYMENT_TARGET = 8.0;
				LD_RUNPATH_SEARCH_PATHS = "$(inherited) @executable_path/Frameworks";
				PRODUCT_BUNDLE_IDENTIFIER = com.wilddog.demo;
				PRODUCT_NAME = "$(TARGET_NAME)";
				TARGETED_DEVICE_FAMILY = "1,2";
			};
			name = Release;
		};
		28C92F4D1D8692450098950B /* Debug */ = {
			isa = XCBuildConfiguration;
			baseConfigurationReference = 7BFCC5F30F8F0C92EE155E25 /* Pods-WilddogVideoQuickStartTests.debug.xcconfig */;
			buildSettings = {
				BUNDLE_LOADER = "$(TEST_HOST)";
				INFOPLIST_FILE = WilddogVideoQuickStartTests/Info.plist;
				LD_RUNPATH_SEARCH_PATHS = "$(inherited) @executable_path/Frameworks @loader_path/Frameworks";
				PRODUCT_BUNDLE_IDENTIFIER = com.wilddog.WilddogVideoQuickStartTests;
				PRODUCT_NAME = "$(TARGET_NAME)";
				TEST_HOST = "$(BUILT_PRODUCTS_DIR)/WilddogVideoQuickStart.app/WilddogVideoQuickStart";
			};
			name = Debug;
		};
		28C92F4E1D8692450098950B /* Release */ = {
			isa = XCBuildConfiguration;
			baseConfigurationReference = 924F9C7FF90335BCD3A622AD /* Pods-WilddogVideoQuickStartTests.release.xcconfig */;
			buildSettings = {
				BUNDLE_LOADER = "$(TEST_HOST)";
				INFOPLIST_FILE = WilddogVideoQuickStartTests/Info.plist;
				LD_RUNPATH_SEARCH_PATHS = "$(inherited) @executable_path/Frameworks @loader_path/Frameworks";
				PRODUCT_BUNDLE_IDENTIFIER = com.wilddog.WilddogVideoQuickStartTests;
				PRODUCT_NAME = "$(TARGET_NAME)";
				TEST_HOST = "$(BUILT_PRODUCTS_DIR)/WilddogVideoQuickStart.app/WilddogVideoQuickStart";
			};
			name = Release;
		};
/* End XCBuildConfiguration section */

/* Begin XCConfigurationList section */
		28C92F221D8692450098950B /* Build configuration list for PBXProject "WilddogVideoQuickStart" */ = {
			isa = XCConfigurationList;
			buildConfigurations = (
				28C92F471D8692450098950B /* Debug */,
				28C92F481D8692450098950B /* Release */,
			);
			defaultConfigurationIsVisible = 0;
			defaultConfigurationName = Release;
		};
		28C92F491D8692450098950B /* Build configuration list for PBXNativeTarget "WilddogVideoQuickStart" */ = {
			isa = XCConfigurationList;
			buildConfigurations = (
				28C92F4A1D8692450098950B /* Debug */,
				28C92F4B1D8692450098950B /* Release */,
			);
			defaultConfigurationIsVisible = 0;
			defaultConfigurationName = Release;
		};
		28C92F4C1D8692450098950B /* Build configuration list for PBXNativeTarget "WilddogVideoQuickStartTests" */ = {
			isa = XCConfigurationList;
			buildConfigurations = (
				28C92F4D1D8692450098950B /* Debug */,
				28C92F4E1D8692450098950B /* Release */,
			);
			defaultConfigurationIsVisible = 0;
			defaultConfigurationName = Release;
		};
/* End XCConfigurationList section */
	};
	rootObject = 28C92F1F1D8692450098950B /* Project object */;
}
